
Microsoft Visual Studio Solution File, Format Version 12.00
# Visual Studio Version 17
VisualStudioVersion = 17.5.33627.172
MinimumVisualStudioVersion = 10.0.40219.1
Project("{FAE04EC0-301F-11D3-BF4B-00C04F79EFBC}") = "AuthenticationWebAPI", "AuthenticationWebAPI\AuthenticationWebAPI.csproj", "{2DD1FF00-C72F-4EEB-AF60-C77A4F18C31E}"
EndProject
Global
	GlobalSection(SolutionConfigurationPlatforms) = preSolution
		Debug|Any CPU = Debug|Any CPU
		Release|Any CPU = Release|Any CPU
	EndGlobalSection
	GlobalSection(ProjectConfigurationPlatforms) = postSolution
		{2DD1FF00-C72F-4EEB-AF60-C77A4F18C31E}.Debug|Any CPU.ActiveCfg = Debug|Any CPU
		{2DD1FF00-C72F-4EEB-AF60-C77A4F18C31E}.Debug|Any CPU.Build.0 = Debug|Any CPU
		{2DD1FF00-C72F-4EEB-AF60-C77A4F18C31E}.Release|Any CPU.ActiveCfg = Release|Any CPU
		{2DD1FF00-C72F-4EEB-AF60-C77A4F18C31E}.Release|Any CPU.Build.0 = Release|Any CPU
	EndGlobalSection
	GlobalSection(SolutionProperties) = preSolution
		HideSolutionNode = FALSE
	EndGlobalSection
	GlobalSection(ExtensibilityGlobals) = postSolution
		SolutionGuid = {FA58C170-39E0-4598-870E-A743504E14E4}
	EndGlobalSection
EndGlobal
